
Microsoft Visual Studio Solution File, Format Version 12.00
# Visual Studio Version 17
VisualStudioVersion = 17.8.34525.116
MinimumVisualStudioVersion = 10.0.40219.1
Project("{FAE04EC0-301F-11D3-BF4B-00C04F79EFBC}") = "methodtask", "methodtask.csproj", "{28C9DD9C-7792-4374-85DC-D15706B0009E}"
EndProject
Global
	GlobalSection(SolutionConfigurationPlatforms) = preSolution
		Debug|Any CPU = Debug|Any CPU
		Release|Any CPU = Release|Any CPU
	EndGlobalSection
	GlobalSection(ProjectConfigurationPlatforms) = postSolution
		{28C9DD9C-7792-4374-85DC-D15706B0009E}.Debug|Any CPU.ActiveCfg = Debug|Any CPU
		{28C9DD9C-7792-4374-85DC-D15706B0009E}.Debug|Any CPU.Build.0 = Debug|Any CPU
		{28C9DD9C-7792-4374-85DC-D15706B0009E}.Release|Any CPU.ActiveCfg = Release|Any CPU
		{28C9DD9C-7792-4374-85DC-D15706B0009E}.Release|Any CPU.Build.0 = Release|Any CPU
	EndGlobalSection
	GlobalSection(SolutionProperties) = preSolution
		HideSolutionNode = FALSE
	EndGlobalSection
	GlobalSection(ExtensibilityGlobals) = postSolution
		SolutionGuid = {27A131BF-FA09-4ECF-9454-D8B3E65C4095}
	EndGlobalSection
EndGlobal
